
Microsoft Visual Studio Solution File, Format Version 9.00
# Visual Studio 2005
Project("{8BC9CEB8-8B4A-11D0-8D11-00A0C91BC942}") = "VideoNet", "VideoNet.vcproj", "{C93284B2-166C-4DBC-BCAF-5ED36B9A49AF}"
EndProject
Global
	GlobalSection(SolutionConfigurationPlatforms) = preSolution
		Debug|Win32 = Debug|Win32
		Release|Win32 = Release|Win32
	EndGlobalSection
	GlobalSection(ProjectConfigurationPlatforms) = postSolution
		{C93284B2-166C-4DBC-BCAF-5ED36B9A49AF}.Debug|Win32.ActiveCfg = Debug|Win32
		{C93284B2-166C-4DBC-BCAF-5ED36B9A49AF}.Debug|Win32.Build.0 = Debug|Win32
		{C93284B2-166C-4DBC-BCAF-5ED36B9A49AF}.Release|Win32.ActiveCfg = Release|Win32
		{C93284B2-166C-4DBC-BCAF-5ED36B9A49AF}.Release|Win32.Build.0 = Release|Win32
	EndGlobalSection
	GlobalSection(SolutionProperties) = preSolution
		HideSolutionNode = FALSE
	EndGlobalSection
EndGlobal
